
Microsoft Visual Studio Solution File, Format Version 12.00
# Visual Studio 15
VisualStudioVersion = 15.0.28307.1300
MinimumVisualStudioVersion = 10.0.40219.1
Project("{FAE04EC0-301F-11D3-BF4B-00C04F79EFBC}") = "CustomStatisticEffects", "CustomStatisticEffects\CustomStatisticEffects.csproj", "{A9DFA3AB-6E0B-4BBB-B7B4-68F364CAE877}"
EndProject
Global
	GlobalSection(SolutionConfigurationPlatforms) = preSolution
		Debug|Any CPU = Debug|Any CPU
		Release|Any CPU = Release|Any CPU
	EndGlobalSection
	GlobalSection(ProjectConfigurationPlatforms) = postSolution
		{A9DFA3AB-6E0B-4BBB-B7B4-68F364CAE877}.Debug|Any CPU.ActiveCfg = Debug|Any CPU
		{A9DFA3AB-6E0B-4BBB-B7B4-68F364CAE877}.Debug|Any CPU.Build.0 = Debug|Any CPU
		{A9DFA3AB-6E0B-4BBB-B7B4-68F364CAE877}.Release|Any CPU.ActiveCfg = Release|Any CPU
		{A9DFA3AB-6E0B-4BBB-B7B4-68F364CAE877}.Release|Any CPU.Build.0 = Release|Any CPU
	EndGlobalSection
	GlobalSection(SolutionProperties) = preSolution
		HideSolutionNode = FALSE
	EndGlobalSection
	GlobalSection(ExtensibilityGlobals) = postSolution
		SolutionGuid = {6F059772-0511-4FBD-B5C3-03EA9A3E3C7B}
	EndGlobalSection
EndGlobal
